
Microsoft Visual Studio Solution File, Format Version 12.00
# Visual Studio 15
VisualStudioVersion = 15.0.34526.175
MinimumVisualStudioVersion = 10.0.40219.1
Project("{FAE04EC0-301F-11D3-BF4B-00C04F79EFBC}") = "MVC Practice", "MVC Practice\MVC Practice.csproj", "{5B350E06-671B-4363-AD69-1D4D725BD005}"
EndProject
Project("{FAE04EC0-301F-11D3-BF4B-00C04F79EFBC}") = "MVC Practice.Tests", "MVC Practice.Tests\MVC Practice.Tests.csproj", "{4D465257-28C3-482E-B557-04BDA7B64A13}"
EndProject
Global
	GlobalSection(SolutionConfigurationPlatforms) = preSolution
		Debug|Any CPU = Debug|Any CPU
		Release|Any CPU = Release|Any CPU
	EndGlobalSection
	GlobalSection(ProjectConfigurationPlatforms) = postSolution
		{5B350E06-671B-4363-AD69-1D4D725BD005}.Debug|Any CPU.ActiveCfg = Debug|Any CPU
		{5B350E06-671B-4363-AD69-1D4D725BD005}.Debug|Any CPU.Build.0 = Debug|Any CPU
		{5B350E06-671B-4363-AD69-1D4D725BD005}.Release|Any CPU.ActiveCfg = Release|Any CPU
		{5B350E06-671B-4363-AD69-1D4D725BD005}.Release|Any CPU.Build.0 = Release|Any CPU
		{4D465257-28C3-482E-B557-04BDA7B64A13}.Debug|Any CPU.ActiveCfg = Debug|Any CPU
		{4D465257-28C3-482E-B557-04BDA7B64A13}.Debug|Any CPU.Build.0 = Debug|Any CPU
		{4D465257-28C3-482E-B557-04BDA7B64A13}.Release|Any CPU.ActiveCfg = Release|Any CPU
		{4D465257-28C3-482E-B557-04BDA7B64A13}.Release|Any CPU.Build.0 = Release|Any CPU
	EndGlobalSection
	GlobalSection(SolutionProperties) = preSolution
		HideSolutionNode = FALSE
	EndGlobalSection
	GlobalSection(ExtensibilityGlobals) = postSolution
		SolutionGuid = {B92E4056-F23E-4B66-8D27-2E030936DEAC}
	EndGlobalSection
EndGlobal
